// !$*UTF8*$!
{
	archiveVersion = 1;
	classes = {
	};
	objectVersion = 46;
	objects = {

/* Begin PBXBuildFile section */
		5F05DA091A0018C50076D47C /* AppDelegate.swift in Sources */ = {isa = PBXBuildFile; fileRef = 5F05DA081A0018C50076D47C /* AppDelegate.swift */; };
		5F05DA0B1A0018C50076D47C /* ViewController.swift in Sources */ = {isa = PBXBuildFile; fileRef = 5F05DA0A1A0018C50076D47C /* ViewController.swift */; };
		5F05DA0E1A0018C50076D47C /* Main.storyboard in Resources */ = {isa = PBXBuildFile; fileRef = 5F05DA0C1A0018C50076D47C /* Main.storyboard */; };
		5F05DA101A0018C50076D47C /* Images.xcassets in Resources */ = {isa = PBXBuildFile; fileRef = 5F05DA0F1A0018C50076D47C /* Images.xcassets */; };
		5F05DA131A0018C50076D47C /* LaunchScreen.xib in Resources */ = {isa = PBXBuildFile; fileRef = 5F05DA111A0018C50076D47C /* LaunchScreen.xib */; };
		5F05DA1F1A0018C50076D47C /* OfficeMover500Tests.swift in Sources */ = {isa = PBXBuildFile; fileRef = 5F05DA1E1A0018C50076D47C /* OfficeMover500Tests.swift */; };
		5F05DA291A0022BB0076D47C /* FurnitureButton.swift in Sources */ = {isa = PBXBuildFile; fileRef = 5F05DA281A0022BB0076D47C /* FurnitureButton.swift */; };
		5F999E681A01C01800208956 /* RoomViewController.swift in Sources */ = {isa = PBXBuildFile; fileRef = 5F999E671A01C01800208956 /* RoomViewController.swift */; };
		63BBF8F71A001E0800F74141 /* Firebase.framework in Frameworks */ = {isa = PBXBuildFile; fileRef = 63BBF8F61A001E0800F74141 /* Firebase.framework */; };
		63BBF8F91A001E4500F74141 /* CFNetwork.framework in Frameworks */ = {isa = PBXBuildFile; fileRef = 63BBF8F81A001E4500F74141 /* CFNetwork.framework */; };
		63BBF8FB1A001E4D00F74141 /* libicucore.dylib in Frameworks */ = {isa = PBXBuildFile; fileRef = 63BBF8FA1A001E4D00F74141 /* libicucore.dylib */; };
		63BBF8FD1A001E5300F74141 /* SystemConfiguration.framework in Frameworks */ = {isa = PBXBuildFile; fileRef = 63BBF8FC1A001E5300F74141 /* SystemConfiguration.framework */; };
		63BBF8FF1A001E5800F74141 /* Security.framework in Frameworks */ = {isa = PBXBuildFile; fileRef = 63BBF8FE1A001E5800F74141 /* Security.framework */; };
		63BBF9011A001E5E00F74141 /* libc++.dylib in Frameworks */ = {isa = PBXBuildFile; fileRef = 63BBF9001A001E5E00F74141 /* libc++.dylib */; };
		63BBF9091A0023C400F74141 /* Room.swift in Sources */ = {isa = PBXBuildFile; fileRef = 63BBF9081A0023C400F74141 /* Room.swift */; };
		63BBF90B1A0045EF00F74141 /* Furniture.swift in Sources */ = {isa = PBXBuildFile; fileRef = 63BBF90A1A0045EF00F74141 /* Furniture.swift */; };
		63BBF90E1A00538700F74141 /* RoomSync.swift in Sources */ = {isa = PBXBuildFile; fileRef = 63BBF90D1A00538700F74141 /* RoomSync.swift */; };
/* End PBXBuildFile section */

/* Begin PBXContainerItemProxy section */
		5F05DA191A0018C50076D47C /* PBXContainerItemProxy */ = {
			isa = PBXContainerItemProxy;
			containerPortal = 5F05D9FB1A0018C50076D47C /* Project object */;
			proxyType = 1;
			remoteGlobalIDString = 5F05DA021A0018C50076D47C;
			remoteInfo = OfficeMover500;
		};
/* End PBXContainerItemProxy section */

/* Begin PBXFileReference section */
		5F05DA031A0018C50076D47C /* OfficeMover500.app */ = {isa = PBXFileReference; explicitFileType = wrapper.application; includeInIndex = 0; path = OfficeMover500.app; sourceTree = BUILT_PRODUCTS_DIR; };
		5F05DA071A0018C50076D47C /* Info.plist */ = {isa = PBXFileReference; lastKnownFileType = text.plist.xml; path = Info.plist; sourceTree = "<group>"; };
		5F05DA081A0018C50076D47C /* AppDelegate.swift */ = {isa = PBXFileReference; lastKnownFileType = sourcecode.swift; path = AppDelegate.swift; sourceTree = "<group>"; };
		5F05DA0A1A0018C50076D47C /* ViewController.swift */ = {isa = PBXFileReference; lastKnownFileType = sourcecode.swift; path = ViewController.swift; sourceTree = "<group>"; };
		5F05DA0D1A0018C50076D47C /* Base */ = {isa = PBXFileReference; lastKnownFileType = file.storyboard; name = Base; path = Base.lproj/Main.storyboard; sourceTree = "<group>"; };
		5F05DA0F1A0018C50076D47C /* Images.xcassets */ = {isa = PBXFileReference; lastKnownFileType = folder.assetcatalog; path = Images.xcassets; sourceTree = "<group>"; };
		5F05DA121A0018C50076D47C /* Base */ = {isa = PBXFileReference; lastKnownFileType = file.xib; name = Base; path = Base.lproj/LaunchScreen.xib; sourceTree = "<group>"; };
		5F05DA181A0018C50076D47C /* OfficeMover500Tests.xctest */ = {isa = PBXFileReference; explicitFileType = wrapper.cfbundle; includeInIndex = 0; path = OfficeMover500Tests.xctest; sourceTree = BUILT_PRODUCTS_DIR; };
		5F05DA1D1A0018C50076D47C /* Info.plist */ = {isa = PBXFileReference; lastKnownFileType = text.plist.xml; path = Info.plist; sourceTree = "<group>"; };
		5F05DA1E1A0018C50076D47C /* OfficeMover500Tests.swift */ = {isa = PBXFileReference; lastKnownFileType = sourcecode.swift; path = OfficeMover500Tests.swift; sourceTree = "<group>"; };
		5F05DA281A0022BB0076D47C /* FurnitureButton.swift */ = {isa = PBXFileReference; fileEncoding = 4; lastKnownFileType = sourcecode.swift; path = FurnitureButton.swift; sourceTree = "<group>"; };
		5F999E671A01C01800208956 /* RoomViewController.swift */ = {isa = PBXFileReference; fileEncoding = 4; lastKnownFileType = sourcecode.swift; path = RoomViewController.swift; sourceTree = "<group>"; };
		63BBF8F61A001E0800F74141 /* Firebase.framework */ = {isa = PBXFileReference; lastKnownFileType = wrapper.framework; name = Firebase.framework; path = OfficeMover500/Firebase.framework; sourceTree = "<group>"; };
		63BBF8F81A001E4500F74141 /* CFNetwork.framework */ = {isa = PBXFileReference; lastKnownFileType = wrapper.framework; name = CFNetwork.framework; path = System/Library/Frameworks/CFNetwork.framework; sourceTree = SDKROOT; };
		63BBF8FA1A001E4D00F74141 /* libicucore.dylib */ = {isa = PBXFileReference; lastKnownFileType = "compiled.mach-o.dylib"; name = libicucore.dylib; path = usr/lib/libicucore.dylib; sourceTree = SDKROOT; };
		63BBF8FC1A001E5300F74141 /* SystemConfiguration.framework */ = {isa = PBXFileReference; lastKnownFileType = wrapper.framework; name = SystemConfiguration.framework; path = System/Library/Frameworks/SystemConfiguration.framework; sourceTree = SDKROOT; };
		63BBF8FE1A001E5800F74141 /* Security.framework */ = {isa = PBXFileReference; lastKnownFileType = wrapper.framework; name = Security.framework; path = System/Library/Frameworks/Security.framework; sourceTree = SDKROOT; };
		63BBF9001A001E5E00F74141 /* libc++.dylib */ = {isa = PBXFileReference; lastKnownFileType = "compiled.mach-o.dylib"; name = "libc++.dylib"; path = "usr/lib/libc++.dylib"; sourceTree = SDKROOT; };
		63BBF9021A001F1A00F74141 /* OfficeMover500-Bridging-Header.h */ = {isa = PBXFileReference; lastKnownFileType = sourcecode.c.h; path = "OfficeMover500-Bridging-Header.h"; sourceTree = "<group>"; };
		63BBF9081A0023C400F74141 /* Room.swift */ = {isa = PBXFileReference; fileEncoding = 4; lastKnownFileType = sourcecode.swift; path = Room.swift; sourceTree = "<group>"; };
		63BBF90A1A0045EF00F74141 /* Furniture.swift */ = {isa = PBXFileReference; fileEncoding = 4; lastKnownFileType = sourcecode.swift; path = Furniture.swift; sourceTree = "<group>"; };
		63BBF90D1A00538700F74141 /* RoomSync.swift */ = {isa = PBXFileReference; fileEncoding = 4; lastKnownFileType = sourcecode.swift; path = RoomSync.swift; sourceTree = "<group>"; };
/* End PBXFileReference section */

/* Begin PBXFrameworksBuildPhase section */
		5F05DA001A0018C50076D47C /* Frameworks */ = {
			isa = PBXFrameworksBuildPhase;
			buildActionMask = 2147483647;
			files = (
				63BBF9011A001E5E00F74141 /* libc++.dylib in Frameworks */,
				63BBF8FF1A001E5800F74141 /* Security.framework in Frameworks */,
				63BBF8FD1A001E5300F74141 /* SystemConfiguration.framework in Frameworks */,
				63BBF8FB1A001E4D00F74141 /* libicucore.dylib in Frameworks */,
				63BBF8F91A001E4500F74141 /* CFNetwork.framework in Frameworks */,
				63BBF8F71A001E0800F74141 /* Firebase.framework in Frameworks */,
			);
			runOnlyForDeploymentPostprocessing = 0;
		};
		5F05DA151A0018C50076D47C /* Frameworks */ = {
			isa = PBXFrameworksBuildPhase;
			buildActionMask = 2147483647;
			files = (
			);
			runOnlyForDeploymentPostprocessing = 0;
		};
/* End PBXFrameworksBuildPhase section */

/* Begin PBXGroup section */
		5F05D9FA1A0018C50076D47C = {
			isa = PBXGroup;
			children = (
				63BBF9051A00227700F74141 /* Frameworks */,
				5F05DA051A0018C50076D47C /* OfficeMover500 */,
				5F05DA1B1A0018C50076D47C /* OfficeMover500Tests */,
				5F05DA041A0018C50076D47C /* Products */,
			);
			sourceTree = "<group>";
		};
		5F05DA041A0018C50076D47C /* Products */ = {
			isa = PBXGroup;
			children = (
				5F05DA031A0018C50076D47C /* OfficeMover500.app */,
				5F05DA181A0018C50076D47C /* OfficeMover500Tests.xctest */,
			);
			name = Products;
			sourceTree = "<group>";
		};
		5F05DA051A0018C50076D47C /* OfficeMover500 */ = {
			isa = PBXGroup;
			children = (
				5F999E671A01C01800208956 /* RoomViewController.swift */,
				63BBF90C1A00537500F74141 /* Adapters */,
				63BBF8F51A001D2200F74141 /* Models */,
				5F05DA081A0018C50076D47C /* AppDelegate.swift */,
				5F05DA0A1A0018C50076D47C /* ViewController.swift */,
				5F05DA0C1A0018C50076D47C /* Main.storyboard */,
				5F05DA0F1A0018C50076D47C /* Images.xcassets */,
				5F05DA111A0018C50076D47C /* LaunchScreen.xib */,
				5F05DA061A0018C50076D47C /* Supporting Files */,
				63BBF9021A001F1A00F74141 /* OfficeMover500-Bridging-Header.h */,
				5F05DA281A0022BB0076D47C /* FurnitureButton.swift */,
			);
			path = OfficeMover500;
			sourceTree = "<group>";
		};
		5F05DA061A0018C50076D47C /* Supporting Files */ = {
			isa = PBXGroup;
			children = (
				5F05DA071A0018C50076D47C /* Info.plist */,
			);
			name = "Supporting Files";
			sourceTree = "<group>";
		};
		5F05DA1B1A0018C50076D47C /* OfficeMover500Tests */ = {
			isa = PBXGroup;
			children = (
				5F05DA1E1A0018C50076D47C /* OfficeMover500Tests.swift */,
				5F05DA1C1A0018C50076D47C /* Supporting Files */,
			);
			path = OfficeMover500Tests;
			sourceTree = "<group>";
		};
		5F05DA1C1A0018C50076D47C /* Supporting Files */ = {
			isa = PBXGroup;
			children = (
				5F05DA1D1A0018C50076D47C /* Info.plist */,
			);
			name = "Supporting Files";
			sourceTree = "<group>";
		};
		63BBF8F51A001D2200F74141 /* Models */ = {
			isa = PBXGroup;
			children = (
				63BBF9081A0023C400F74141 /* Room.swift */,
				63BBF90A1A0045EF00F74141 /* Furniture.swift */,
			);
			name = Models;
			sourceTree = "<group>";
		};
		63BBF9051A00227700F74141 /* Frameworks */ = {
			isa = PBXGroup;
			children = (
				63BBF8F61A001E0800F74141 /* Firebase.framework */,
				63BBF9001A001E5E00F74141 /* libc++.dylib */,
				63BBF8FE1A001E5800F74141 /* Security.framework */,
				63BBF8FC1A001E5300F74141 /* SystemConfiguration.framework */,
				63BBF8FA1A001E4D00F74141 /* libicucore.dylib */,
				63BBF8F81A001E4500F74141 /* CFNetwork.framework */,
			);
			name = Frameworks;
			sourceTree = "<group>";
		};
		63BBF90C1A00537500F74141 /* Adapters */ = {
			isa = PBXGroup;
			children = (
				63BBF90D1A00538700F74141 /* RoomSync.swift */,
			);
			name = Adapters;
			sourceTree = "<group>";
		};
/* End PBXGroup section */

/* Begin PBXNativeTarget section */
		5F05DA021A0018C50076D47C /* OfficeMover500 */ = {
			isa = PBXNativeTarget;
			buildConfigurationList = 5F05DA221A0018C50076D47C /* Build configuration list for PBXNativeTarget "OfficeMover500" */;
			buildPhases = (
				5F05D9FF1A0018C50076D47C /* Sources */,
				5F05DA001A0018C50076D47C /* Frameworks */,
				5F05DA011A0018C50076D47C /* Resources */,
			);
			buildRules = (
			);
			dependencies = (
			);
			name = OfficeMover500;
			productName = OfficeMover500;
			productReference = 5F05DA031A0018C50076D47C /* OfficeMover500.app */;
			productType = "com.apple.product-type.application";
		};
		5F05DA171A0018C50076D47C /* OfficeMover500Tests */ = {
			isa = PBXNativeTarget;
			buildConfigurationList = 5F05DA251A0018C50076D47C /* Build configuration list for PBXNativeTarget "OfficeMover500Tests" */;
			buildPhases = (
				5F05DA141A0018C50076D47C /* Sources */,
				5F05DA151A0018C50076D47C /* Frameworks */,
				5F05DA161A0018C50076D47C /* Resources */,
			);
			buildRules = (
			);
			dependencies = (
				5F05DA1A1A0018C50076D47C /* PBXTargetDependency */,
			);
			name = OfficeMover500Tests;
			productName = OfficeMover500Tests;
			productReference = 5F05DA181A0018C50076D47C /* OfficeMover500Tests.xctest */;
			productType = "com.apple.product-type.bundle.unit-test";
		};
/* End PBXNativeTarget section */

/* Begin PBXProject section */
		5F05D9FB1A0018C50076D47C /* Project object */ = {
			isa = PBXProject;
			attributes = {
				LastUpgradeCheck = 0610;
				ORGANIZATIONNAME = Firebase;
				TargetAttributes = {
					5F05DA021A0018C50076D47C = {
						CreatedOnToolsVersion = 6.1;
						DevelopmentTeam = Q9Y6585ABM;
					};
					5F05DA171A0018C50076D47C = {
						CreatedOnToolsVersion = 6.1;
						TestTargetID = 5F05DA021A0018C50076D47C;
					};
				};
			};
			buildConfigurationList = 5F05D9FE1A0018C50076D47C /* Build configuration list for PBXProject "OfficeMover500" */;
			compatibilityVersion = "Xcode 3.2";
			developmentRegion = English;
			hasScannedForEncodings = 0;
			knownRegions = (
				en,
				Base,
			);
			mainGroup = 5F05D9FA1A0018C50076D47C;
			productRefGroup = 5F05DA041A0018C50076D47C /* Products */;
			projectDirPath = "";
			projectRoot = "";
			targets = (
				5F05DA021A0018C50076D47C /* OfficeMover500 */,
				5F05DA171A0018C50076D47C /* OfficeMover500Tests */,
			);
		};
/* End PBXProject section */

/* Begin PBXResourcesBuildPhase section */
		5F05DA011A0018C50076D47C /* Resources */ = {
			isa = PBXResourcesBuildPhase;
			buildActionMask = 2147483647;
			files = (
				5F05DA0E1A0018C50076D47C /* Main.storyboard in Resources */,
				5F05DA131A0018C50076D47C /* LaunchScreen.xib in Resources */,
				5F05DA101A0018C50076D47C /* Images.xcassets in Resources */,
			);
			runOnlyForDeploymentPostprocessing = 0;
		};
		5F05DA161A0018C50076D47C /* Resources */ = {
			isa = PBXResourcesBuildPhase;
			buildActionMask = 2147483647;
			files = (
			);
			runOnlyForDeploymentPostprocessing = 0;
		};
/* End PBXResourcesBuildPhase section */

/* Begin PBXSourcesBuildPhase section */
		5F05D9FF1A0018C50076D47C /* Sources */ = {
			isa = PBXSourcesBuildPhase;
			buildActionMask = 2147483647;
			files = (
				63BBF90E1A00538700F74141 /* RoomSync.swift in Sources */,
				63BBF90B1A0045EF00F74141 /* Furniture.swift in Sources */,
				5F999E681A01C01800208956 /* RoomViewController.swift in Sources */,
				5F05DA0B1A0018C50076D47C /* ViewController.swift in Sources */,
				5F05DA291A0022BB0076D47C /* FurnitureButton.swift in Sources */,
				5F05DA091A0018C50076D47C /* AppDelegate.swift in Sources */,
				63BBF9091A0023C400F74141 /* Room.swift in Sources */,
			);
			runOnlyForDeploymentPostprocessing = 0;
		};
		5F05DA141A0018C50076D47C /* Sources */ = {
			isa = PBXSourcesBuildPhase;
			buildActionMask = 2147483647;
			files = (
				5F05DA1F1A0018C50076D47C /* OfficeMover500Tests.swift in Sources */,
			);
			runOnlyForDeploymentPostprocessing = 0;
		};
/* End PBXSourcesBuildPhase section */

/* Begin PBXTargetDependency section */
		5F05DA1A1A0018C50076D47C /* PBXTargetDependency */ = {
			isa = PBXTargetDependency;
			target = 5F05DA021A0018C50076D47C /* OfficeMover500 */;
			targetProxy = 5F05DA191A0018C50076D47C /* PBXContainerItemProxy */;
		};
/* End PBXTargetDependency section */

/* Begin PBXVariantGroup section */
		5F05DA0C1A0018C50076D47C /* Main.storyboard */ = {
			isa = PBXVariantGroup;
			children = (
				5F05DA0D1A0018C50076D47C /* Base */,
			);
			name = Main.storyboard;
			sourceTree = "<group>";
		};
		5F05DA111A0018C50076D47C /* LaunchScreen.xib */ = {
			isa = PBXVariantGroup;
			children = (
				5F05DA121A0018C50076D47C /* Base */,
			);
			name = LaunchScreen.xib;
			sourceTree = "<group>";
		};
/* End PBXVariantGroup section */

/* Begin XCBuildConfiguration section */
		5F05DA201A0018C50076D47C /* Debug */ = {
			isa = XCBuildConfiguration;
			buildSettings = {
				ALWAYS_SEARCH_USER_PATHS = NO;
				CLANG_CXX_LANGUAGE_STANDARD = "gnu++0x";
				CLANG_CXX_LIBRARY = "libc++";
				CLANG_ENABLE_MODULES = YES;
				CLANG_ENABLE_OBJC_ARC = YES;
				CLANG_WARN_BOOL_CONVERSION = YES;
				CLANG_WARN_CONSTANT_CONVERSION = YES;
				CLANG_WARN_DIRECT_OBJC_ISA_USAGE = YES_ERROR;
				CLANG_WARN_EMPTY_BODY = YES;
				CLANG_WARN_ENUM_CONVERSION = YES;
				CLANG_WARN_INT_CONVERSION = YES;
				CLANG_WARN_OBJC_ROOT_CLASS = YES_ERROR;
				CLANG_WARN_UNREACHABLE_CODE = YES;
				CLANG_WARN__DUPLICATE_METHOD_MATCH = YES;
				"CODE_SIGN_IDENTITY[sdk=iphoneos*]" = "iPhone Developer";
				COPY_PHASE_STRIP = NO;
				ENABLE_STRICT_OBJC_MSGSEND = YES;
				GCC_C_LANGUAGE_STANDARD = gnu99;
				GCC_DYNAMIC_NO_PIC = NO;
				GCC_OPTIMIZATION_LEVEL = 0;
				GCC_PREPROCESSOR_DEFINITIONS = (
					"DEBUG=1",
					"$(inherited)",
				);
				GCC_SYMBOLS_PRIVATE_EXTERN = NO;
				GCC_WARN_64_TO_32_BIT_CONVERSION = YES;
				GCC_WARN_ABOUT_RETURN_TYPE = YES_ERROR;
				GCC_WARN_UNDECLARED_SELECTOR = YES;
				GCC_WARN_UNINITIALIZED_AUTOS = YES_AGGRESSIVE;
				GCC_WARN_UNUSED_FUNCTION = YES;
				GCC_WARN_UNUSED_VARIABLE = YES;
				IPHONEOS_DEPLOYMENT_TARGET = 8.1;
				MTL_ENABLE_DEBUG_INFO = YES;
				ONLY_ACTIVE_ARCH = YES;
				SDKROOT = iphoneos;
				SWIFT_OPTIMIZATION_LEVEL = "-Onone";
				TARGETED_DEVICE_FAMILY = 2;
			};
			name = Debug;
		};
		5F05DA211A0018C50076D47C /* Release */ = {
			isa = XCBuildConfiguration;
			buildSettings = {
				ALWAYS_SEARCH_USER_PATHS = NO;
				CLANG_CXX_LANGUAGE_STANDARD = "gnu++0x";
				CLANG_CXX_LIBRARY = "libc++";
				CLANG_ENABLE_MODULES = YES;
				CLANG_ENABLE_OBJC_ARC = YES;
				CLANG_WARN_BOOL_CONVERSION = YES;
				CLANG_WARN_CONSTANT_CONVERSION = YES;
				CLANG_WARN_DIRECT_OBJC_ISA_USAGE = YES_ERROR;
				CLANG_WARN_EMPTY_BODY = YES;
				CLANG_WARN_ENUM_CONVERSION = YES;
				CLANG_WARN_INT_CONVERSION = YES;
				CLANG_WARN_OBJC_ROOT_CLASS = YES_ERROR;
				CLANG_WARN_UNREACHABLE_CODE = YES;
				CLANG_WARN__DUPLICATE_METHOD_MATCH = YES;
				"CODE_SIGN_IDENTITY[sdk=iphoneos*]" = "iPhone Developer";
				COPY_PHASE_STRIP = YES;
				ENABLE_NS_ASSERTIONS = NO;
				ENABLE_STRICT_OBJC_MSGSEND = YES;
				GCC_C_LANGUAGE_STANDARD = gnu99;
				GCC_WARN_64_TO_32_BIT_CONVERSION = YES;
				GCC_WARN_ABOUT_RETURN_TYPE = YES_ERROR;
				GCC_WARN_UNDECLARED_SELECTOR = YES;
				GCC_WARN_UNINITIALIZED_AUTOS = YES_AGGRESSIVE;
				GCC_WARN_UNUSED_FUNCTION = YES;
				GCC_WARN_UNUSED_VARIABLE = YES;
				IPHONEOS_DEPLOYMENT_TARGET = 8.1;
				MTL_ENABLE_DEBUG_INFO = NO;
				SDKROOT = iphoneos;
				TARGETED_DEVICE_FAMILY = 2;
				VALIDATE_PRODUCT = YES;
			};
			name = Release;
		};
		5F05DA231A0018C50076D47C /* Debug */ = {
			isa = XCBuildConfiguration;
			buildSettings = {
				ASSETCATALOG_COMPILER_APPICON_NAME = AppIcon;
				CLANG_ENABLE_MODULES = YES;
				CODE_SIGN_IDENTITY = "iPhone Developer";
				"CODE_SIGN_IDENTITY[sdk=iphoneos*]" = "iPhone Developer";
				FRAMEWORK_SEARCH_PATHS = (
					"$(inherited)",
					"$(PROJECT_DIR)/OfficeMover500",
				);
				INFOPLIST_FILE = OfficeMover500/Info.plist;
				IPHONEOS_DEPLOYMENT_TARGET = 7.0;
				LD_RUNPATH_SEARCH_PATHS = "$(inherited) @executable_path/Frameworks";
				OTHER_LDFLAGS = "-ObjC";
				PRODUCT_NAME = "$(TARGET_NAME)";
				PROVISIONING_PROFILE = "";
				SWIFT_OBJC_BRIDGING_HEADER = "OfficeMover500/OfficeMover500-Bridging-Header.h";
				SWIFT_OPTIMIZATION_LEVEL = "-Onone";
				TARGETED_DEVICE_FAMILY = "1,2";
			};
			name = Debug;
		};
		5F05DA241A0018C50076D47C /* Release */ = {
			isa = XCBuildConfiguration;
			buildSettings = {
				ASSETCATALOG_COMPILER_APPICON_NAME = AppIcon;
				CLANG_ENABLE_MODULES = YES;
				CODE_SIGN_IDENTITY = "iPhone Developer";
				"CODE_SIGN_IDENTITY[sdk=iphoneos*]" = "iPhone Developer";
				FRAMEWORK_SEARCH_PATHS = (
					"$(inherited)",
					"$(PROJECT_DIR)/OfficeMover500",
				);
				INFOPLIST_FILE = OfficeMover500/Info.plist;
				IPHONEOS_DEPLOYMENT_TARGET = 7.0;
				LD_RUNPATH_SEARCH_PATHS = "$(inherited) @executable_path/Frameworks";
				OTHER_LDFLAGS = "-ObjC";
				PRODUCT_NAME = "$(TARGET_NAME)";
				PROVISIONING_PROFILE = "";
				SWIFT_OBJC_BRIDGING_HEADER = "OfficeMover500/OfficeMover500-Bridging-Header.h";
				TARGETED_DEVICE_FAMILY = "1,2";
			};
			name = Release;
		};
		5F05DA261A0018C50076D47C /* Debug */ = {
			isa = XCBuildConfiguration;
			buildSettings = {
				BUNDLE_LOADER = "$(TEST_HOST)";
				FRAMEWORK_SEARCH_PATHS = (
					"$(SDKROOT)/Developer/Library/Frameworks",
					"$(inherited)",
				);
				GCC_PREPROCESSOR_DEFINITIONS = (
					"DEBUG=1",
					"$(inherited)",
				);
				INFOPLIST_FILE = OfficeMover500Tests/Info.plist;
				LD_RUNPATH_SEARCH_PATHS = "$(inherited) @executable_path/Frameworks @loader_path/Frameworks";
				PRODUCT_NAME = "$(TARGET_NAME)";
				TEST_HOST = "$(BUILT_PRODUCTS_DIR)/OfficeMover500.app/OfficeMover500";
			};
			name = Debug;
		};
		5F05DA271A0018C50076D47C /* Release */ = {
			isa = XCBuildConfiguration;
			buildSettings = {
				BUNDLE_LOADER = "$(TEST_HOST)";
				FRAMEWORK_SEARCH_PATHS = (
					"$(SDKROOT)/Developer/Library/Frameworks",
					"$(inherited)",
				);
				INFOPLIST_FILE = OfficeMover500Tests/Info.plist;
				LD_RUNPATH_SEARCH_PATHS = "$(inherited) @executable_path/Frameworks @loader_path/Frameworks";
				PRODUCT_NAME = "$(TARGET_NAME)";
				TEST_HOST = "$(BUILT_PRODUCTS_DIR)/OfficeMover500.app/OfficeMover500";
			};
			name = Release;
		};
/* End XCBuildConfiguration section */

/* Begin XCConfigurationList section */
		5F05D9FE1A0018C50076D47C /* Build configuration list for PBXProject "OfficeMover500" */ = {
			isa = XCConfigurationList;
			buildConfigurations = (
				5F05DA201A0018C50076D47C /* Debug */,
				5F05DA211A0018C50076D47C /* Release */,
			);
			defaultConfigurationIsVisible = 0;
			defaultConfigurationName = Release;
		};
		5F05DA221A0018C50076D47C /* Build configuration list for PBXNativeTarget "OfficeMover500" */ = {
			isa = XCConfigurationList;
			buildConfigurations = (
				5F05DA231A0018C50076D47C /* Debug */,
				5F05DA241A0018C50076D47C /* Release */,
			);
			defaultConfigurationIsVisible = 0;
			defaultConfigurationName = Release;
		};
		5F05DA251A0018C50076D47C /* Build configuration list for PBXNativeTarget "OfficeMover500Tests" */ = {
			isa = XCConfigurationList;
			buildConfigurations = (
				5F05DA261A0018C50076D47C /* Debug */,
				5F05DA271A0018C50076D47C /* Release */,
			);
			defaultConfigurationIsVisible = 0;
			defaultConfigurationName = Release;
		};
/* End XCConfigurationList section */
	};
	rootObject = 5F05D9FB1A0018C50076D47C /* Project object */;
}
